Microsoft Visual Studio Solution File, Format Version 9.00
# Visual C++ Express 2005
Project("{8BC9CEB8-8B4A-11D0-8D11-00A0C91BC942}") = "luabridge", "luabridge.vcproj", "{6617EBF6-CBD6-4D4F-A220-E782765EE6DD}"
EndProject
Project("{8BC9CEB8-8B4A-11D0-8D11-00A0C91BC942}") = "test", "test.vcproj", "{B5C37206-2763-4E3B-83D6-E15DE5DF4D2D}"
EndProject
Global
	GlobalSection(SolutionConfigurationPlatforms) = preSolution
		Debug|Win32 = Debug|Win32
		Release|Win32 = Release|Win32
	EndGlobalSection
	GlobalSection(ProjectConfigurationPlatforms) = postSolution
		{6617EBF6-CBD6-4D4F-A220-E782765EE6DD}.Debug|Win32.ActiveCfg = Debug|Win32
		{6617EBF6-CBD6-4D4F-A220-E782765EE6DD}.Debug|Win32.Build.0 = Debug|Win32
		{6617EBF6-CBD6-4D4F-A220-E782765EE6DD}.Release|Win32.ActiveCfg = Release|Win32
		{6617EBF6-CBD6-4D4F-A220-E782765EE6DD}.Release|Win32.Build.0 = Release|Win32
		{B5C37206-2763-4E3B-83D6-E15DE5DF4D2D}.Debug|Win32.ActiveCfg = Debug|Win32
		{B5C37206-2763-4E3B-83D6-E15DE5DF4D2D}.Debug|Win32.Build.0 = Debug|Win32
		{B5C37206-2763-4E3B-83D6-E15DE5DF4D2D}.Release|Win32.ActiveCfg = Release|Win32
		{B5C37206-2763-4E3B-83D6-E15DE5DF4D2D}.Release|Win32.Build.0 = Release|Win32
	EndGlobalSection
	GlobalSection(SolutionProperties) = preSolution
		HideSolutionNode = FALSE
	EndGlobalSection
EndGlobal
